// !$*UTF8*$!
{
	archiveVersion = 1;
	classes = {
	};
	objectVersion = 46;
	objects = {

/* Begin PBXBuildFile section */
		4D24EC7B1F2E854F0070FCBE /* Stack.swift in Sources */ = {isa = PBXBuildFile; fileRef = 4D24EC7A1F2E854F0070FCBE /* Stack.swift */; };
		4D24EC7E1F2EACBE0070FCBE /* RansomNote.swift in Sources */ = {isa = PBXBuildFile; fileRef = 4D24EC7D1F2EACBE0070FCBE /* RansomNote.swift */; };
		4DA9E0901F2E8475006FB752 /* main.swift in Sources */ = {isa = PBXBuildFile; fileRef = 4DA9E08F1F2E8475006FB752 /* main.swift */; };
/* End PBXBuildFile section */

/* Begin PBXCopyFilesBuildPhase section */
		4DA9E08A1F2E8475006FB752 /* CopyFiles */ = {
			isa = PBXCopyFilesBuildPhase;
			buildActionMask = 2147483647;
			dstPath = /usr/share/man/man1/;
			dstSubfolderSpec = 0;
			files = (
			);
			runOnlyForDeploymentPostprocessing = 1;
		};
/* End PBXCopyFilesBuildPhase section */

/* Begin PBXFileReference section */
		4D24EC7A1F2E854F0070FCBE /* Stack.swift */ = {isa = PBXFileReference; fileEncoding = 4; lastKnownFileType = sourcecode.swift; name = Stack.swift; path = DataStructures/Stack.swift; sourceTree = "<group>"; };
		4D24EC7D1F2EACBE0070FCBE /* RansomNote.swift */ = {isa = PBXFileReference; fileEncoding = 4; lastKnownFileType = sourcecode.swift; name = RansomNote.swift; path = InterviewQuestions/Dictionaries/RansomNote.swift; sourceTree = "<group>"; };
		4DA9E08C1F2E8475006FB752 /* InterviewPrep */ = {isa = PBXFileReference; explicitFileType = "compiled.mach-o.executable"; includeInIndex = 0; path = InterviewPrep; sourceTree = BUILT_PRODUCTS_DIR; };
		4DA9E08F1F2E8475006FB752 /* main.swift */ = {isa = PBXFileReference; lastKnownFileType = sourcecode.swift; path = main.swift; sourceTree = "<group>"; };
/* End PBXFileReference section */

/* Begin PBXFrameworksBuildPhase section */
		4DA9E0891F2E8475006FB752 /* Frameworks */ = {
			isa = PBXFrameworksBuildPhase;
			buildActionMask = 2147483647;
			files = (
			);
			runOnlyForDeploymentPostprocessing = 0;
		};
/* End PBXFrameworksBuildPhase section */

/* Begin PBXGroup section */
		4D24EC7C1F2EACA60070FCBE /* InterviewQuestions */ = {
			isa = PBXGroup;
			children = (
				4D24EC7D1F2EACBE0070FCBE /* RansomNote.swift */,
			);
			name = InterviewQuestions;
			sourceTree = "<group>";
		};
		4DA9E0831F2E8475006FB752 = {
			isa = PBXGroup;
			children = (
				4D24EC7C1F2EACA60070FCBE /* InterviewQuestions */,
				4DA9E0961F2E84DA006FB752 /* DataStructures */,
				4DA9E08E1F2E8475006FB752 /* InterviewPrep */,
				4DA9E08D1F2E8475006FB752 /* Products */,
			);
			sourceTree = "<group>";
		};
		4DA9E08D1F2E8475006FB752 /* Products */ = {
			isa = PBXGroup;
			children = (
				4DA9E08C1F2E8475006FB752 /* InterviewPrep */,
			);
			name = Products;
			sourceTree = "<group>";
		};
		4DA9E08E1F2E8475006FB752 /* InterviewPrep */ = {
			isa = PBXGroup;
			children = (
				4DA9E08F1F2E8475006FB752 /* main.swift */,
			);
			path = InterviewPrep;
			sourceTree = "<group>";
		};
		4DA9E0961F2E84DA006FB752 /* DataStructures */ = {
			isa = PBXGroup;
			children = (
				4D24EC7A1F2E854F0070FCBE /* Stack.swift */,
			);
			name = DataStructures;
			sourceTree = "<group>";
		};
/* End PBXGroup section */

/* Begin PBXNativeTarget section */
		4DA9E08B1F2E8475006FB752 /* InterviewPrep */ = {
			isa = PBXNativeTarget;
			buildConfigurationList = 4DA9E0931F2E8475006FB752 /* Build configuration list for PBXNativeTarget "InterviewPrep" */;
			buildPhases = (
				4DA9E0881F2E8475006FB752 /* Sources */,
				4DA9E0891F2E8475006FB752 /* Frameworks */,
				4DA9E08A1F2E8475006FB752 /* CopyFiles */,
			);
			buildRules = (
			);
			dependencies = (
			);
			name = InterviewPrep;
			productName = InterviewPrep;
			productReference = 4DA9E08C1F2E8475006FB752 /* InterviewPrep */;
			productType = "com.apple.product-type.tool";
		};
/* End PBXNativeTarget section */

/* Begin PBXProject section */
		4DA9E0841F2E8475006FB752 /* Project object */ = {
			isa = PBXProject;
			attributes = {
				LastSwiftUpdateCheck = 0830;
				LastUpgradeCheck = 0830;
				ORGANIZATIONNAME = mantrarush;
				TargetAttributes = {
					4DA9E08B1F2E8475006FB752 = {
						CreatedOnToolsVersion = 8.3.3;
						ProvisioningStyle = Automatic;
					};
				};
			};
			buildConfigurationList = 4DA9E0871F2E8475006FB752 /* Build configuration list for PBXProject "InterviewPrep" */;
			compatibilityVersion = "Xcode 3.2";
			developmentRegion = English;
			hasScannedForEncodings = 0;
			knownRegions = (
				en,
			);
			mainGroup = 4DA9E0831F2E8475006FB752;
			productRefGroup = 4DA9E08D1F2E8475006FB752 /* Products */;
			projectDirPath = "";
			projectRoot = "";
			targets = (
				4DA9E08B1F2E8475006FB752 /* InterviewPrep */,
			);
		};
/* End PBXProject section */

/* Begin PBXSourcesBuildPhase section */
		4DA9E0881F2E8475006FB752 /* Sources */ = {
			isa = PBXSourcesBuildPhase;
			buildActionMask = 2147483647;
			files = (
				4D24EC7B1F2E854F0070FCBE /* Stack.swift in Sources */,
				4DA9E0901F2E8475006FB752 /* main.swift in Sources */,
				4D24EC7E1F2EACBE0070FCBE /* RansomNote.swift in Sources */,
			);
			runOnlyForDeploymentPostprocessing = 0;
		};
/* End PBXSourcesBuildPhase section */

/* Begin XCBuildConfiguration section */
		4DA9E0911F2E8475006FB752 /* Debug */ = {
			isa = XCBuildConfiguration;
			buildSettings = {
				ALWAYS_SEARCH_USER_PATHS = NO;
				CLANG_ANALYZER_NONNULL = YES;
				CLANG_ANALYZER_NUMBER_OBJECT_CONVERSION = YES_AGGRESSIVE;
				CLANG_CXX_LANGUAGE_STANDARD = "gnu++0x";
				CLANG_CXX_LIBRARY = "libc++";
				CLANG_ENABLE_MODULES = YES;
				CLANG_ENABLE_OBJC_ARC = YES;
				CLANG_WARN_BOOL_CONVERSION = YES;
				CLANG_WARN_CONSTANT_CONVERSION = YES;
				CLANG_WARN_DIRECT_OBJC_ISA_USAGE = YES_ERROR;
				CLANG_WARN_DOCUMENTATION_COMMENTS = YES;
				CLANG_WARN_EMPTY_BODY = YES;
				CLANG_WARN_ENUM_CONVERSION = YES;
				CLANG_WARN_INFINITE_RECURSION = YES;
				CLANG_WARN_INT_CONVERSION = YES;
				CLANG_WARN_OBJC_ROOT_CLASS = YES_ERROR;
				CLANG_WARN_SUSPICIOUS_MOVE = YES;
				CLANG_WARN_UNREACHABLE_CODE = YES;
				CLANG_WARN__DUPLICATE_METHOD_MATCH = YES;
				CODE_SIGN_IDENTITY = "-";
				COPY_PHASE_STRIP = NO;
				DEBUG_INFORMATION_FORMAT = dwarf;
				ENABLE_STRICT_OBJC_MSGSEND = YES;
				ENABLE_TESTABILITY = YES;
				GCC_C_LANGUAGE_STANDARD = gnu99;
				GCC_DYNAMIC_NO_PIC = NO;
				GCC_NO_COMMON_BLOCKS = YES;
				GCC_OPTIMIZATION_LEVEL = 0;
				GCC_PREPROCESSOR_DEFINITIONS = (
					"DEBUG=1",
					"$(inherited)",
				);
				GCC_WARN_64_TO_32_BIT_CONVERSION = YES;
				GCC_WARN_ABOUT_RETURN_TYPE = YES_ERROR;
				GCC_WARN_UNDECLARED_SELECTOR = YES;
				GCC_WARN_UNINITIALIZED_AUTOS = YES_AGGRESSIVE;
				GCC_WARN_UNUSED_FUNCTION = YES;
				GCC_WARN_UNUSED_VARIABLE = YES;
				MACOSX_DEPLOYMENT_TARGET = 10.12;
				MTL_ENABLE_DEBUG_INFO = YES;
				ONLY_ACTIVE_ARCH = YES;
				SDKROOT = macosx;
				SWIFT_OPTIMIZATION_LEVEL = "-Onone";
			};
			name = Debug;
		};
		4DA9E0921F2E8475006FB752 /* Release */ = {
			isa = XCBuildConfiguration;
			buildSettings = {
				ALWAYS_SEARCH_USER_PATHS = NO;
				CLANG_ANALYZER_NONNULL = YES;
				CLANG_ANALYZER_NUMBER_OBJECT_CONVERSION = YES_AGGRESSIVE;
				CLANG_CXX_LANGUAGE_STANDARD = "gnu++0x";
				CLANG_CXX_LIBRARY = "libc++";
				CLANG_ENABLE_MODULES = YES;
				CLANG_ENABLE_OBJC_ARC = YES;
				CLANG_WARN_BOOL_CONVERSION = YES;
				CLANG_WARN_CONSTANT_CONVERSION = YES;
				CLANG_WARN_DIRECT_OBJC_ISA_USAGE = YES_ERROR;
				CLANG_WARN_DOCUMENTATION_COMMENTS = YES;
				CLANG_WARN_EMPTY_BODY = YES;
				CLANG_WARN_ENUM_CONVERSION = YES;
				CLANG_WARN_INFINITE_RECURSION = YES;
				CLANG_WARN_INT_CONVERSION = YES;
				CLANG_WARN_OBJC_ROOT_CLASS = YES_ERROR;
				CLANG_WARN_SUSPICIOUS_MOVE = YES;
				CLANG_WARN_UNREACHABLE_CODE = YES;
				CLANG_WARN__DUPLICATE_METHOD_MATCH = YES;
				CODE_SIGN_IDENTITY = "-";
				COPY_PHASE_STRIP = NO;
				DEBUG_INFORMATION_FORMAT = "dwarf-with-dsym";
				ENABLE_NS_ASSERTIONS = NO;
				ENABLE_STRICT_OBJC_MSGSEND = YES;
				GCC_C_LANGUAGE_STANDARD = gnu99;
				GCC_NO_COMMON_BLOCKS = YES;
				GCC_WARN_64_TO_32_BIT_CONVERSION = YES;
				GCC_WARN_ABOUT_RETURN_TYPE = YES_ERROR;
				GCC_WARN_UNDECLARED_SELECTOR = YES;
				GCC_WARN_UNINITIALIZED_AUTOS = YES_AGGRESSIVE;
				GCC_WARN_UNUSED_FUNCTION = YES;
				GCC_WARN_UNUSED_VARIABLE = YES;
				MACOSX_DEPLOYMENT_TARGET = 10.12;
				MTL_ENABLE_DEBUG_INFO = NO;
				SDKROOT = macosx;
			};
			name = Release;
		};
		4DA9E0941F2E8475006FB752 /* Debug */ = {
			isa = XCBuildConfiguration;
			buildSettings = {
				PRODUCT_NAME = "$(TARGET_NAME)";
				SWIFT_VERSION = 3.0;
			};
			name = Debug;
		};
		4DA9E0951F2E8475006FB752 /* Release */ = {
			isa = XCBuildConfiguration;
			buildSettings = {
				PRODUCT_NAME = "$(TARGET_NAME)";
				SWIFT_VERSION = 3.0;
			};
			name = Release;
		};
/* End XCBuildConfiguration section */

/* Begin XCConfigurationList section */
		4DA9E0871F2E8475006FB752 /* Build configuration list for PBXProject "InterviewPrep" */ = {
			isa = XCConfigurationList;
			buildConfigurations = (
				4DA9E0911F2E8475006FB752 /* Debug */,
				4DA9E0921F2E8475006FB752 /* Release */,
			);
			defaultConfigurationIsVisible = 0;
			defaultConfigurationName = Release;
		};
		4DA9E0931F2E8475006FB752 /* Build configuration list for PBXNativeTarget "InterviewPrep" */ = {
			isa = XCConfigurationList;
			buildConfigurations = (
				4DA9E0941F2E8475006FB752 /* Debug */,
				4DA9E0951F2E8475006FB752 /* Release */,
			);
			defaultConfigurationIsVisible = 0;
			defaultConfigurationName = Release;
		};
/* End XCConfigurationList section */
	};
	rootObject = 4DA9E0841F2E8475006FB752 /* Project object */;
}
